
Microsoft Visual Studio Solution File, Format Version 12.00
# Visual Studio Version 17
VisualStudioVersion = 17.2.32630.192
MinimumVisualStudioVersion = 10.0.40219.1
Project("{9A19103F-16F7-4668-BE54-9A1E7A4F7556}") = "EmpConsole", "EmpConsole\EmpConsole.csproj", "{02217089-B118-483E-97CA-70A05915EBD8}"
EndProject
Project("{FAE04EC0-301F-11D3-BF4B-00C04F79EFBC}") = "EmpBL", "EmpBL\EmpBL.csproj", "{BBEF5E91-DD81-446B-9884-E0BBCFED4B32}"
EndProject
Project("{2150E333-8FDC-42A3-9474-1A3956D46DE8}") = "Lab4", "Lab4", "{F5376BCB-6C70-47F2-85EE-5CBB7E5A0D3C}"
EndProject
Project("{9A19103F-16F7-4668-BE54-9A1E7A4F7556}") = "BookShop", "Lab4\BookShop\BookShop.csproj", "{037B1279-4D42-4558-9B76-1B80E319B4BE}"
EndProject
Project("{9A19103F-16F7-4668-BE54-9A1E7A4F7556}") = "BooksBL", "Lab4\BooksBL\BooksBL.csproj", "{5328823E-8BCC-4FE6-9CDE-02BADAFE1D2D}"
EndProject
Project("{2150E333-8FDC-42A3-9474-1A3956D46DE8}") = "OwnProject", "OwnProject", "{65A8899D-9165-40F2-97AA-579E8E4FE906}"
EndProject
Project("{9A19103F-16F7-4668-BE54-9A1E7A4F7556}") = "SupermarketLab", "SupermarketLab\SupermarketLab\SupermarketLab.csproj", "{3A5E8FA3-2CB5-4E8C-9DB9-EA2D765E46C7}"
EndProject
Project("{9A19103F-16F7-4668-BE54-9A1E7A4F7556}") = "SupermarketLib", "SupermarketLab\SupermarketLib\SupermarketLib.csproj", "{4B59B898-0632-4521-BF8F-785693B5E244}"
EndProject
Project("{9A19103F-16F7-4668-BE54-9A1E7A4F7556}") = "Encapsulation", "..\Encapsulation\Encapsulation.csproj", "{DB05E9D2-617E-46CC-8FFD-6C4CA09A117B}"
EndProject
Project("{9A19103F-16F7-4668-BE54-9A1E7A4F7556}") = "Collections", "..\Collections\Collections.csproj", "{1B40A217-4967-44FA-9BB1-DB5769689EF4}"
EndProject
Project("{9A19103F-16F7-4668-BE54-9A1E7A4F7556}") = "Interfaces", "..\Interfaces\Interfaces.csproj", "{DBF49B8C-3139-4958-9102-308626DD3B6D}"
EndProject
Project("{9A19103F-16F7-4668-BE54-9A1E7A4F7556}") = "Delegates", "..\Delegates\Delegates.csproj", "{F9014437-FE15-4484-BFFA-A0CCC091AB40}"
EndProject
Project("{9A19103F-16F7-4668-BE54-9A1E7A4F7556}") = "ForEvents", "..\ForEvents\ForEvents.csproj", "{B5E3F27F-EE08-4192-B590-3A2BC317A5BC}"
EndProject
Project("{9A19103F-16F7-4668-BE54-9A1E7A4F7556}") = "Lambdas", "..\Lambdas\Lambdas.csproj", "{E6D3EAE2-A571-4EB5-AFE5-94C0DFCD8479}"
EndProject
Project("{9A19103F-16F7-4668-BE54-9A1E7A4F7556}") = "EmployeeOps", "EmployeeOps\EmployeeOps\EmployeeOps.csproj", "{338264CA-5CC3-427E-9497-43947B95B7AD}"
EndProject
Project("{9A19103F-16F7-4668-BE54-9A1E7A4F7556}") = "EmpContract", "EmpContract\EmpContract.csproj", "{F27EB2DB-1C33-49CD-A245-DBFF79FF5E0C}"
EndProject
Project("{9A19103F-16F7-4668-BE54-9A1E7A4F7556}") = "DelegatesLab", "DelegatesLab\DelegatesLab.csproj", "{9D8DFE16-5039-4BD9-A39C-A286706EBEBE}"
EndProject
Project("{9A19103F-16F7-4668-BE54-9A1E7A4F7556}") = "Dashboard", "Dashboard\Dashboard.csproj", "{8F53AA54-30B8-4FD6-B28C-BAAD2DF75E11}"
EndProject
Project("{FAE04EC0-301F-11D3-BF4B-00C04F79EFBC}") = "ProductLab", "ProductLab\ProductLab.csproj", "{829DA439-1976-4A25-AD16-1E265DB80CAB}"
EndProject
Project("{FAE04EC0-301F-11D3-BF4B-00C04F79EFBC}") = "Supermarket", "Supermarket\Supermarket.csproj", "{9CE5821D-713B-451F-BEE2-102FA8672ADC}"
EndProject
Global
	GlobalSection(SolutionConfigurationPlatforms) = preSolution
		Debug|Any CPU = Debug|Any CPU
		Release|Any CPU = Release|Any CPU
	EndGlobalSection
	GlobalSection(ProjectConfigurationPlatforms) = postSolution
		{02217089-B118-483E-97CA-70A05915EBD8}.Debug|Any CPU.ActiveCfg = Debug|Any CPU
		{02217089-B118-483E-97CA-70A05915EBD8}.Debug|Any CPU.Build.0 = Debug|Any CPU
		{02217089-B118-483E-97CA-70A05915EBD8}.Release|Any CPU.ActiveCfg = Release|Any CPU
		{02217089-B118-483E-97CA-70A05915EBD8}.Release|Any CPU.Build.0 = Release|Any CPU
		{BBEF5E91-DD81-446B-9884-E0BBCFED4B32}.Debug|Any CPU.ActiveCfg = Debug|Any CPU
		{BBEF5E91-DD81-446B-9884-E0BBCFED4B32}.Debug|Any CPU.Build.0 = Debug|Any CPU
		{BBEF5E91-DD81-446B-9884-E0BBCFED4B32}.Release|Any CPU.ActiveCfg = Release|Any CPU
		{BBEF5E91-DD81-446B-9884-E0BBCFED4B32}.Release|Any CPU.Build.0 = Release|Any CPU
		{037B1279-4D42-4558-9B76-1B80E319B4BE}.Debug|Any CPU.ActiveCfg = Debug|Any CPU
		{037B1279-4D42-4558-9B76-1B80E319B4BE}.Debug|Any CPU.Build.0 = Debug|Any CPU
		{037B1279-4D42-4558-9B76-1B80E319B4BE}.Release|Any CPU.ActiveCfg = Release|Any CPU
		{037B1279-4D42-4558-9B76-1B80E319B4BE}.Release|Any CPU.Build.0 = Release|Any CPU
		{5328823E-8BCC-4FE6-9CDE-02BADAFE1D2D}.Debug|Any CPU.ActiveCfg = Debug|Any CPU
		{5328823E-8BCC-4FE6-9CDE-02BADAFE1D2D}.Debug|Any CPU.Build.0 = Debug|Any CPU
		{5328823E-8BCC-4FE6-9CDE-02BADAFE1D2D}.Release|Any CPU.ActiveCfg = Release|Any CPU
		{5328823E-8BCC-4FE6-9CDE-02BADAFE1D2D}.Release|Any CPU.Build.0 = Release|Any CPU
		{3A5E8FA3-2CB5-4E8C-9DB9-EA2D765E46C7}.Debug|Any CPU.ActiveCfg = Debug|Any CPU
		{3A5E8FA3-2CB5-4E8C-9DB9-EA2D765E46C7}.Debug|Any CPU.Build.0 = Debug|Any CPU
		{3A5E8FA3-2CB5-4E8C-9DB9-EA2D765E46C7}.Release|Any CPU.ActiveCfg = Release|Any CPU
		{3A5E8FA3-2CB5-4E8C-9DB9-EA2D765E46C7}.Release|Any CPU.Build.0 = Release|Any CPU
		{4B59B898-0632-4521-BF8F-785693B5E244}.Debug|Any CPU.ActiveCfg = Debug|Any CPU
		{4B59B898-0632-4521-BF8F-785693B5E244}.Debug|Any CPU.Build.0 = Debug|Any CPU
		{4B59B898-0632-4521-BF8F-785693B5E244}.Release|Any CPU.ActiveCfg = Release|Any CPU
		{4B59B898-0632-4521-BF8F-785693B5E244}.Release|Any CPU.Build.0 = Release|Any CPU
		{DB05E9D2-617E-46CC-8FFD-6C4CA09A117B}.Debug|Any CPU.ActiveCfg = Debug|Any CPU
		{DB05E9D2-617E-46CC-8FFD-6C4CA09A117B}.Debug|Any CPU.Build.0 = Debug|Any CPU
		{DB05E9D2-617E-46CC-8FFD-6C4CA09A117B}.Release|Any CPU.ActiveCfg = Release|Any CPU
		{DB05E9D2-617E-46CC-8FFD-6C4CA09A117B}.Release|Any CPU.Build.0 = Release|Any CPU
		{1B40A217-4967-44FA-9BB1-DB5769689EF4}.Debug|Any CPU.ActiveCfg = Debug|Any CPU
		{1B40A217-4967-44FA-9BB1-DB5769689EF4}.Debug|Any CPU.Build.0 = Debug|Any CPU
		{1B40A217-4967-44FA-9BB1-DB5769689EF4}.Release|Any CPU.ActiveCfg = Release|Any CPU
		{1B40A217-4967-44FA-9BB1-DB5769689EF4}.Release|Any CPU.Build.0 = Release|Any CPU
		{DBF49B8C-3139-4958-9102-308626DD3B6D}.Debug|Any CPU.ActiveCfg = Debug|Any CPU
		{DBF49B8C-3139-4958-9102-308626DD3B6D}.Debug|Any CPU.Build.0 = Debug|Any CPU
		{DBF49B8C-3139-4958-9102-308626DD3B6D}.Release|Any CPU.ActiveCfg = Release|Any CPU
		{DBF49B8C-3139-4958-9102-308626DD3B6D}.Release|Any CPU.Build.0 = Release|Any CPU
		{F9014437-FE15-4484-BFFA-A0CCC091AB40}.Debug|Any CPU.ActiveCfg = Debug|Any CPU
		{F9014437-FE15-4484-BFFA-A0CCC091AB40}.Debug|Any CPU.Build.0 = Debug|Any CPU
		{F9014437-FE15-4484-BFFA-A0CCC091AB40}.Release|Any CPU.ActiveCfg = Release|Any CPU
		{F9014437-FE15-4484-BFFA-A0CCC091AB40}.Release|Any CPU.Build.0 = Release|Any CPU
		{B5E3F27F-EE08-4192-B590-3A2BC317A5BC}.Debug|Any CPU.ActiveCfg = Debug|Any CPU
		{B5E3F27F-EE08-4192-B590-3A2BC317A5BC}.Debug|Any CPU.Build.0 = Debug|Any CPU
		{B5E3F27F-EE08-4192-B590-3A2BC317A5BC}.Release|Any CPU.ActiveCfg = Release|Any CPU
		{B5E3F27F-EE08-4192-B590-3A2BC317A5BC}.Release|Any CPU.Build.0 = Release|Any CPU
		{E6D3EAE2-A571-4EB5-AFE5-94C0DFCD8479}.Debug|Any CPU.ActiveCfg = Debug|Any CPU
		{E6D3EAE2-A571-4EB5-AFE5-94C0DFCD8479}.Debug|Any CPU.Build.0 = Debug|Any CPU
		{E6D3EAE2-A571-4EB5-AFE5-94C0DFCD8479}.Release|Any CPU.ActiveCfg = Release|Any CPU
		{E6D3EAE2-A571-4EB5-AFE5-94C0DFCD8479}.Release|Any CPU.Build.0 = Release|Any CPU
		{338264CA-5CC3-427E-9497-43947B95B7AD}.Debug|Any CPU.ActiveCfg = Debug|Any CPU
		{338264CA-5CC3-427E-9497-43947B95B7AD}.Debug|Any CPU.Build.0 = Debug|Any CPU
		{338264CA-5CC3-427E-9497-43947B95B7AD}.Release|Any CPU.ActiveCfg = Release|Any CPU
		{338264CA-5CC3-427E-9497-43947B95B7AD}.Release|Any CPU.Build.0 = Release|Any CPU
		{F27EB2DB-1C33-49CD-A245-DBFF79FF5E0C}.Debug|Any CPU.ActiveCfg = Debug|Any CPU
		{F27EB2DB-1C33-49CD-A245-DBFF79FF5E0C}.Debug|Any CPU.Build.0 = Debug|Any CPU
		{F27EB2DB-1C33-49CD-A245-DBFF79FF5E0C}.Release|Any CPU.ActiveCfg = Release|Any CPU
		{F27EB2DB-1C33-49CD-A245-DBFF79FF5E0C}.Release|Any CPU.Build.0 = Release|Any CPU
		{9D8DFE16-5039-4BD9-A39C-A286706EBEBE}.Debug|Any CPU.ActiveCfg = Debug|Any CPU
		{9D8DFE16-5039-4BD9-A39C-A286706EBEBE}.Debug|Any CPU.Build.0 = Debug|Any CPU
		{9D8DFE16-5039-4BD9-A39C-A286706EBEBE}.Release|Any CPU.ActiveCfg = Release|Any CPU
		{9D8DFE16-5039-4BD9-A39C-A286706EBEBE}.Release|Any CPU.Build.0 = Release|Any CPU
		{8F53AA54-30B8-4FD6-B28C-BAAD2DF75E11}.Debug|Any CPU.ActiveCfg = Debug|Any CPU
		{8F53AA54-30B8-4FD6-B28C-BAAD2DF75E11}.Debug|Any CPU.Build.0 = Debug|Any CPU
		{8F53AA54-30B8-4FD6-B28C-BAAD2DF75E11}.Release|Any CPU.ActiveCfg = Release|Any CPU
		{8F53AA54-30B8-4FD6-B28C-BAAD2DF75E11}.Release|Any CPU.Build.0 = Release|Any CPU
		{829DA439-1976-4A25-AD16-1E265DB80CAB}.Debug|Any CPU.ActiveCfg = Debug|Any CPU
		{829DA439-1976-4A25-AD16-1E265DB80CAB}.Debug|Any CPU.Build.0 = Debug|Any CPU
		{829DA439-1976-4A25-AD16-1E265DB80CAB}.Release|Any CPU.ActiveCfg = Release|Any CPU
		{829DA439-1976-4A25-AD16-1E265DB80CAB}.Release|Any CPU.Build.0 = Release|Any CPU
		{9CE5821D-713B-451F-BEE2-102FA8672ADC}.Debug|Any CPU.ActiveCfg = Debug|Any CPU
		{9CE5821D-713B-451F-BEE2-102FA8672ADC}.Debug|Any CPU.Build.0 = Debug|Any CPU
		{9CE5821D-713B-451F-BEE2-102FA8672ADC}.Release|Any CPU.ActiveCfg = Release|Any CPU
		{9CE5821D-713B-451F-BEE2-102FA8672ADC}.Release|Any CPU.Build.0 = Release|Any CPU
	EndGlobalSection
	GlobalSection(SolutionProperties) = preSolution
		HideSolutionNode = FALSE
	EndGlobalSection
	GlobalSection(NestedProjects) = preSolution
		{037B1279-4D42-4558-9B76-1B80E319B4BE} = {F5376BCB-6C70-47F2-85EE-5CBB7E5A0D3C}
		{5328823E-8BCC-4FE6-9CDE-02BADAFE1D2D} = {F5376BCB-6C70-47F2-85EE-5CBB7E5A0D3C}
		{3A5E8FA3-2CB5-4E8C-9DB9-EA2D765E46C7} = {65A8899D-9165-40F2-97AA-579E8E4FE906}
		{4B59B898-0632-4521-BF8F-785693B5E244} = {65A8899D-9165-40F2-97AA-579E8E4FE906}
	EndGlobalSection
	GlobalSection(ExtensibilityGlobals) = postSolution
		SolutionGuid = {6E224880-F5DF-43EA-BDF2-E820A2E7DB9E}
	EndGlobalSection
EndGlobal
