
Microsoft Visual Studio Solution File, Format Version 12.00
# Visual Studio Version 17
VisualStudioVersion = 17.2.32630.192
MinimumVisualStudioVersion = 10.0.40219.1
Project("{F184B08F-C81C-45F6-A57F-5ABD9991F28F}") = "VbApp", "VbApp\VbApp.vbproj", "{4D9A7B4A-015C-4FD3-BD5C-A69109224EFB}"
EndProject
Global
	GlobalSection(SolutionConfigurationPlatforms) = preSolution
		Debug|Any CPU = Debug|Any CPU
		Release|Any CPU = Release|Any CPU
	EndGlobalSection
	GlobalSection(ProjectConfigurationPlatforms) = postSolution
		{4D9A7B4A-015C-4FD3-BD5C-A69109224EFB}.Debug|Any CPU.ActiveCfg = Debug|Any CPU
		{4D9A7B4A-015C-4FD3-BD5C-A69109224EFB}.Debug|Any CPU.Build.0 = Debug|Any CPU
		{4D9A7B4A-015C-4FD3-BD5C-A69109224EFB}.Release|Any CPU.ActiveCfg = Release|Any CPU
		{4D9A7B4A-015C-4FD3-BD5C-A69109224EFB}.Release|Any CPU.Build.0 = Release|Any CPU
	EndGlobalSection
	GlobalSection(SolutionProperties) = preSolution
		HideSolutionNode = FALSE
	EndGlobalSection
	GlobalSection(ExtensibilityGlobals) = postSolution
		SolutionGuid = {A840C91F-D9FB-4F74-A2BD-DBA336149745}
	EndGlobalSection
EndGlobal
